<?xml version="1.0" encoding="utf-8"?>
<Project ToolsVersion="4.0" xmlns="http://schemas.microsoft.com/developer/msbuild/2003">
  <ItemGroup>
    <Filter Include="源文件">
      <UniqueIdentifier>{4FC737F1-C7A5-4376-A066-2A32D752A2FF}</UniqueIdentifier>
      <Extensions>cpp;c;cc;cxx;c++;def;odl;idl;hpj;bat;asm;asmx</Extensions>
    </Filter>
    <Filter Include="头文件">
      <UniqueIdentifier>{93995380-89BD-4b04-88EB-625FBE52EBFB}</UniqueIdentifier>
      <Extensions>h;hh;hpp;hxx;h++;hm;inl;inc;ipp;xsd</Extensions>
    </Filter>
    <Filter Include="资源文件">
      <UniqueIdentifier>{67DA6AB6-F800-4c08-8B7A-83BB121AAD01}</UniqueIdentifier>
      <Extensions>rc;ico;cur;bmp;dlg;rc2;rct;bin;rgs;gif;jpg;jpeg;jpe;resx;tiff;tif;png;wav;mfcribbon-ms</Extensions>
    </Filter>
    <Filter Include="源文件\Main">
      <UniqueIdentifier>{e0a2e5d2-86fa-47ac-8e44-e021f2a8316f}</UniqueIdentifier>
    </Filter>
    <Filter Include="头文件\Main">
      <UniqueIdentifier>{94f6e51c-b818-45a9-99c1-bc9b36b746d1}</UniqueIdentifier>
    </Filter>
    <Filter Include="头文件\Comman">
      <UniqueIdentifier>{01156277-791e-416f-a564-706f252b9188}</UniqueIdentifier>
    </Filter>
    <Filter Include="源文件\Comman">
      <UniqueIdentifier>{9b51cc19-5270-4bf7-b5d0-1b0b833ac3b0}</UniqueIdentifier>
    </Filter>
    <Filter Include="头文件\Misc">
      <UniqueIdentifier>{91ffaad8-69fb-4eaf-9b57-63681bd49a2d}</UniqueIdentifier>
    </Filter>
    <Filter Include="源文件\Misc">
      <UniqueIdentifier>{d05ea699-4804-4710-b89f-bc8e49d5b546}</UniqueIdentifier>
    </Filter>
    <Filter Include="源文件\C7">
      <UniqueIdentifier>{defee635-ec84-4f95-842c-64965fe58d22}</UniqueIdentifier>
    </Filter>
    <Filter Include="源文件\C7\Geometry">
      <UniqueIdentifier>{05690d24-58c6-4acc-856a-976ed94f14b1}</UniqueIdentifier>
    </Filter>
    <Filter Include="源文件\C7\LandAndWaves">
      <UniqueIdentifier>{db6ac587-a1f3-436d-9d9b-f3f53e6e0a17}</UniqueIdentifier>
    </Filter>
    <Filter Include="头文件\C7">
      <UniqueIdentifier>{75ddeb9c-0188-460a-81f0-0b9a93c6d6f1}</UniqueIdentifier>
    </Filter>
    <Filter Include="头文件\C7\LandAndWaves">
      <UniqueIdentifier>{e083528a-ddb1-4969-9a42-83a2b64d9f8d}</UniqueIdentifier>
    </Filter>
    <Filter Include="头文件\C7\Geometry">
      <UniqueIdentifier>{ed93b4f2-5bdf-4ec2-ae80-73ad40a9f34c}</UniqueIdentifier>
    </Filter>
    <Filter Include="头文件\C4">
      <UniqueIdentifier>{869f52b7-ee80-44c9-a905-c8577aef8a25}</UniqueIdentifier>
    </Filter>
    <Filter Include="头文件\C6">
      <UniqueIdentifier>{32c3db3f-e376-4a4f-996f-5ea26b97b59d}</UniqueIdentifier>
    </Filter>
    <Filter Include="源文件\C6">
      <UniqueIdentifier>{73078e02-ea33-4360-8495-8a9cd183c437}</UniqueIdentifier>
    </Filter>
    <Filter Include="源文件\C4">
      <UniqueIdentifier>{ce06f578-8306-4385-b358-d453f9ce0da0}</UniqueIdentifier>
    </Filter>
  </ItemGroup>
  <ItemGroup>
    <ClInclude Include="..\..\DargonInclude\Camera.h">
      <Filter>头文件\Comman</Filter>
    </ClInclude>
    <ClInclude Include="..\..\DargonInclude\d3dApp.h">
      <Filter>头文件\Comman</Filter>
    </ClInclude>
    <ClInclude Include="..\..\DargonInclude\d3dUtil.h">
      <Filter>头文件\Comman</Filter>
    </ClInclude>
    <ClInclude Include="..\..\DargonInclude\d3dx12.h">
      <Filter>头文件\Comman</Filter>
    </ClInclude>
    <ClInclude Include="..\..\DargonInclude\DDSTextureLoader.h">
      <Filter>头文件\Comman</Filter>
    </ClInclude>
    <ClInclude Include="..\..\DargonInclude\GameTimer.h">
      <Filter>头文件\Comman</Filter>
    </ClInclude>
    <ClInclude Include="..\..\DargonInclude\GeometryGenerator.h">
      <Filter>头文件\Comman</Filter>
    </ClInclude>
    <ClInclude Include="..\..\DargonInclude\MathHelper.h">
      <Filter>头文件\Comman</Filter>
    </ClInclude>
    <ClInclude Include="..\..\DargonInclude\UploadBuffer.h">
      <Filter>头文件\Comman</Filter>
    </ClInclude>
    <ClInclude Include="header\C7\C7_LandAndWave\LandAndWaves_C7.hpp">
      <Filter>头文件\C7\LandAndWaves</Filter>
    </ClInclude>
    <ClInclude Include="header\C7\C7_Geometry\FrameResource0.hpp">
      <Filter>头文件\C7\Geometry</Filter>
    </ClInclude>
    <ClInclude Include="header\C7\C7_Geometry\Shapes_C7.hpp">
      <Filter>头文件\C7\Geometry</Filter>
    </ClInclude>
    <ClInclude Include="header\C7\C7_LandAndWave\FrameResource1.hpp">
      <Filter>头文件\C7\LandAndWaves</Filter>
    </ClInclude>
    <ClInclude Include="header\C7\C7_LandAndWave\Waves.hpp">
      <Filter>头文件\C7\LandAndWaves</Filter>
    </ClInclude>
    <ClInclude Include="header\C4\Init.hpp">
      <Filter>头文件\C4</Filter>
    </ClInclude>
    <ClInclude Include="header\C6\Box_C6.hpp">
      <Filter>头文件\C6</Filter>
    </ClInclude>
  </ItemGroup>
  <ItemGroup>
    <ClCompile Include="..\..\DargonInclude\Camera.cpp">
      <Filter>源文件\Comman</Filter>
    </ClCompile>
    <ClCompile Include="..\..\DargonInclude\d3dApp.cpp">
      <Filter>源文件\Comman</Filter>
    </ClCompile>
    <ClCompile Include="..\..\DargonInclude\d3dUtil.cpp">
      <Filter>源文件\Comman</Filter>
    </ClCompile>
    <ClCompile Include="..\..\DargonInclude\DDSTextureLoader.cpp">
      <Filter>源文件\Comman</Filter>
    </ClCompile>
    <ClCompile Include="..\..\DargonInclude\GameTimer.cpp">
      <Filter>源文件\Comman</Filter>
    </ClCompile>
    <ClCompile Include="..\..\DargonInclude\GeometryGenerator.cpp">
      <Filter>源文件\Comman</Filter>
    </ClCompile>
    <ClCompile Include="..\..\DargonInclude\MathHelper.cpp">
      <Filter>源文件\Comman</Filter>
    </ClCompile>
    <ClCompile Include="source\main.cpp">
      <Filter>源文件\Main</Filter>
    </ClCompile>
    <ClCompile Include="source\C7\Geometry\Shapes_C7.cpp">
      <Filter>源文件\C7\Geometry</Filter>
    </ClCompile>
    <ClCompile Include="source\C7\LandAndWaves\LandAndWaves_C7.cpp">
      <Filter>源文件\C7\LandAndWaves</Filter>
    </ClCompile>
    <ClCompile Include="source\C7\Geometry\FrameResource0.cpp">
      <Filter>源文件\C7\Geometry</Filter>
    </ClCompile>
    <ClCompile Include="source\C7\LandAndWaves\FrameResource1.cpp">
      <Filter>源文件\C7\LandAndWaves</Filter>
    </ClCompile>
    <ClCompile Include="source\C7\LandAndWaves\Waves.cpp">
      <Filter>源文件\C7\LandAndWaves</Filter>
    </ClCompile>
    <ClCompile Include="source\C4\Init.cpp">
      <Filter>源文件\C4</Filter>
    </ClCompile>
    <ClCompile Include="source\C6\Box_C6.cpp">
      <Filter>源文件\C6</Filter>
    </ClCompile>
  </ItemGroup>
  <ItemGroup>
    <FxCompile Include="shader\Box_C6.hlsl">
      <Filter>资源文件</Filter>
    </FxCompile>
    <FxCompile Include="shader\Shapes_C7.hlsl">
      <Filter>资源文件</Filter>
    </FxCompile>
    <FxCompile Include="shader\C7_LandAndWaves.hlsl">
      <Filter>资源文件</Filter>
    </FxCompile>
  </ItemGroup>
</Project>