<?xml version="1.0" encoding="utf-8"?>
<Project ToolsVersion="4.0" xmlns="http://schemas.microsoft.com/developer/msbuild/2003">
  <ItemGroup>
    <Filter Include="源文件">
      <UniqueIdentifier>{4FC737F1-C7A5-4376-A066-2A32D752A2FF}</UniqueIdentifier>
      <Extensions>cpp;c;cc;cxx;c++;def;odl;idl;hpj;bat;asm;asmx</Extensions>
    </Filter>
    <Filter Include="头文件">
      <UniqueIdentifier>{93995380-89BD-4b04-88EB-625FBE52EBFB}</UniqueIdentifier>
      <Extensions>h;hh;hpp;hxx;h++;hm;inl;inc;ipp;xsd</Extensions>
    </Filter>
    <Filter Include="资源文件">
      <UniqueIdentifier>{67DA6AB6-F800-4c08-8B7A-83BB121AAD01}</UniqueIdentifier>
      <Extensions>rc;ico;cur;bmp;dlg;rc2;rct;bin;rgs;gif;jpg;jpeg;jpe;resx;tiff;tif;png;wav;mfcribbon-ms</Extensions>
    </Filter>
    <Filter Include="源文件\DxMain">
      <UniqueIdentifier>{d843b28f-6d94-4aa8-9bfb-e0e238f69cfe}</UniqueIdentifier>
    </Filter>
    <Filter Include="源文件\Basic">
      <UniqueIdentifier>{f994b0fa-9dec-451a-8545-c433cdbbc2a1}</UniqueIdentifier>
    </Filter>
    <Filter Include="头文件\Basic">
      <UniqueIdentifier>{90d02ffe-7776-4388-8ca9-8ce25d452821}</UniqueIdentifier>
    </Filter>
    <Filter Include="头文件\DxMain">
      <UniqueIdentifier>{8d2b5bc8-4f07-42ea-a920-e43a7f4490c1}</UniqueIdentifier>
    </Filter>
  </ItemGroup>
  <ItemGroup>
    <ClCompile Include="source\main.cpp">
      <Filter>源文件</Filter>
    </ClCompile>
    <ClCompile Include="source\ConstBuffer.cpp">
      <Filter>源文件\DxMain</Filter>
    </ClCompile>
    <ClCompile Include="source\hellowTriangle.cpp">
      <Filter>源文件\DxMain</Filter>
    </ClCompile>
    <ClCompile Include="source\TestBundles.cpp">
      <Filter>源文件\DxMain</Filter>
    </ClCompile>
    <ClCompile Include="source\TestFrameBuffer.cpp">
      <Filter>源文件\DxMain</Filter>
    </ClCompile>
    <ClCompile Include="source\DXSample.cpp">
      <Filter>源文件\Basic</Filter>
    </ClCompile>
    <ClCompile Include="source\stdafx.cpp">
      <Filter>源文件\Basic</Filter>
    </ClCompile>
    <ClCompile Include="source\Win32Application.cpp">
      <Filter>源文件\Basic</Filter>
    </ClCompile>
    <ClCompile Include="source\TestTexture.cpp">
      <Filter>源文件\DxMain</Filter>
    </ClCompile>
    <ClCompile Include="source\HelloWindow.cpp">
      <Filter>源文件\DxMain</Filter>
    </ClCompile>
  </ItemGroup>
  <ItemGroup>
    <ClInclude Include="header\stdafx.h">
      <Filter>头文件\Basic</Filter>
    </ClInclude>
    <ClInclude Include="header\ConstBuffer.h">
      <Filter>头文件\DxMain</Filter>
    </ClInclude>
    <ClInclude Include="header\hellowTriangle.h">
      <Filter>头文件\DxMain</Filter>
    </ClInclude>
    <ClInclude Include="header\TestBundles.h">
      <Filter>头文件\DxMain</Filter>
    </ClInclude>
    <ClInclude Include="header\TestFrameBuffer.h">
      <Filter>头文件\DxMain</Filter>
    </ClInclude>
    <ClInclude Include="header\TestTexture.h">
      <Filter>头文件\DxMain</Filter>
    </ClInclude>
    <ClInclude Include="header\HelloWindow.h">
      <Filter>头文件\DxMain</Filter>
    </ClInclude>
    <ClInclude Include="header\KeyNum.h">
      <Filter>头文件</Filter>
    </ClInclude>
  </ItemGroup>
  <ItemGroup>
    <FxCompile Include="Shader\shader.hlsl">
      <Filter>资源文件</Filter>
    </FxCompile>
    <FxCompile Include="Shader\CBufferTest.hlsl">
      <Filter>资源文件</Filter>
    </FxCompile>
    <FxCompile Include="Shader\TestFrameBuffer.hlsl">
      <Filter>资源文件</Filter>
    </FxCompile>
    <FxCompile Include="Shader\TestBundle.hlsl">
      <Filter>资源文件</Filter>
    </FxCompile>
    <FxCompile Include="Shader\TestTexture.hlsl">
      <Filter>资源文件</Filter>
    </FxCompile>
  </ItemGroup>
</Project>